// !$*UTF8*$!
{
	archiveVersion = 1;
	classes = {
	};
	objectVersion = 51;
	objects = {

/* Begin PBXBuildFile section */
		AB3FD30A23FE5CBA00B5B37D /* TabDance.framework in Frameworks */ = {isa = PBXBuildFile; fileRef = AB3FD30023FE5CBA00B5B37D /* TabDance.framework */; };
		AB3FD30F23FE5CBA00B5B37D /* TabDanceTests.swift in Sources */ = {isa = PBXBuildFile; fileRef = AB3FD30E23FE5CBA00B5B37D /* TabDanceTests.swift */; };
		ABC9EA2723FE72F700C6C07F /* SwipeDirection.swift in Sources */ = {isa = PBXBuildFile; fileRef = ABC9EA1823FE72F700C6C07F /* SwipeDirection.swift */; };
		ABC9EA2923FE72F700C6C07F /* IndicatorInfo.swift in Sources */ = {isa = PBXBuildFile; fileRef = ABC9EA1A23FE72F700C6C07F /* IndicatorInfo.swift */; };
		ABC9EA2A23FE72F700C6C07F /* FXPageControl.m in Sources */ = {isa = PBXBuildFile; fileRef = ABC9EA1B23FE72F700C6C07F /* FXPageControl.m */; };
		ABC9EA2B23FE72F700C6C07F /* PagerBarView.swift in Sources */ = {isa = PBXBuildFile; fileRef = ABC9EA1C23FE72F700C6C07F /* PagerBarView.swift */; };
		ABC9EA2D23FE72F700C6C07F /* PagerTabStripBehaviour.swift in Sources */ = {isa = PBXBuildFile; fileRef = ABC9EA1E23FE72F700C6C07F /* PagerTabStripBehaviour.swift */; };
		ABC9EA2E23FE72F700C6C07F /* PagerBarViewCell.swift in Sources */ = {isa = PBXBuildFile; fileRef = ABC9EA1F23FE72F700C6C07F /* PagerBarViewCell.swift */; };
		ABC9EA3023FE72F700C6C07F /* PagerTabStripError.swift in Sources */ = {isa = PBXBuildFile; fileRef = ABC9EA2123FE72F700C6C07F /* PagerTabStripError.swift */; };
		ABC9EA3223FE72F700C6C07F /* PagerTabStripViewController.swift in Sources */ = {isa = PBXBuildFile; fileRef = ABC9EA2323FE72F700C6C07F /* PagerTabStripViewController.swift */; };
		ABC9EA3423FE72F700C6C07F /* ButtonBarPagerTabStripViewController.swift in Sources */ = {isa = PBXBuildFile; fileRef = ABC9EA2523FE72F700C6C07F /* ButtonBarPagerTabStripViewController.swift */; };
		ABC9EA3523FE732100C6C07F /* TabDance.h in Headers */ = {isa = PBXBuildFile; fileRef = AB3FD30323FE5CBA00B5B37D /* TabDance.h */; settings = {ATTRIBUTES = (Public, ); }; };
		ABC9EA3623FE732400C6C07F /* FXPageControl.h in Headers */ = {isa = PBXBuildFile; fileRef = ABC9EA2023FE72F700C6C07F /* FXPageControl.h */; settings = {ATTRIBUTES = (Public, ); }; };
/* End PBXBuildFile section */

/* Begin PBXContainerItemProxy section */
		AB3FD30B23FE5CBA00B5B37D /* PBXContainerItemProxy */ = {
			isa = PBXContainerItemProxy;
			containerPortal = AB3FD2F723FE5CBA00B5B37D /* Project object */;
			proxyType = 1;
			remoteGlobalIDString = AB3FD2FF23FE5CBA00B5B37D;
			remoteInfo = TabDance;
		};
/* End PBXContainerItemProxy section */

/* Begin PBXFileReference section */
		AB3FD30023FE5CBA00B5B37D /* TabDance.framework */ = {isa = PBXFileReference; explicitFileType = wrapper.framework; includeInIndex = 0; path = TabDance.framework; sourceTree = BUILT_PRODUCTS_DIR; };
		AB3FD30323FE5CBA00B5B37D /* TabDance.h */ = {isa = PBXFileReference; lastKnownFileType = sourcecode.c.h; path = TabDance.h; sourceTree = "<group>"; };
		AB3FD30423FE5CBA00B5B37D /* Info.plist */ = {isa = PBXFileReference; lastKnownFileType = text.plist.xml; path = Info.plist; sourceTree = "<group>"; };
		AB3FD30923FE5CBA00B5B37D /* TabDanceTests.xctest */ = {isa = PBXFileReference; explicitFileType = wrapper.cfbundle; includeInIndex = 0; path = TabDanceTests.xctest; sourceTree = BUILT_PRODUCTS_DIR; };
		AB3FD30E23FE5CBA00B5B37D /* TabDanceTests.swift */ = {isa = PBXFileReference; lastKnownFileType = sourcecode.swift; path = TabDanceTests.swift; sourceTree = "<group>"; };
		AB3FD31023FE5CBA00B5B37D /* Info.plist */ = {isa = PBXFileReference; lastKnownFileType = text.plist.xml; path = Info.plist; sourceTree = "<group>"; };
		ABC9EA1823FE72F700C6C07F /* SwipeDirection.swift */ = {isa = PBXFileReference; fileEncoding = 4; lastKnownFileType = sourcecode.swift; path = SwipeDirection.swift; sourceTree = "<group>"; };
		ABC9EA1A23FE72F700C6C07F /* IndicatorInfo.swift */ = {isa = PBXFileReference; fileEncoding = 4; lastKnownFileType = sourcecode.swift; path = IndicatorInfo.swift; sourceTree = "<group>"; };
		ABC9EA1B23FE72F700C6C07F /* FXPageControl.m */ = {isa = PBXFileReference; fileEncoding = 4; lastKnownFileType = sourcecode.c.objc; path = FXPageControl.m; sourceTree = "<group>"; };
		ABC9EA1C23FE72F700C6C07F /* PagerBarView.swift */ = {isa = PBXFileReference; fileEncoding = 4; lastKnownFileType = sourcecode.swift; path = PagerBarView.swift; sourceTree = "<group>"; };
		ABC9EA1E23FE72F700C6C07F /* PagerTabStripBehaviour.swift */ = {isa = PBXFileReference; fileEncoding = 4; lastKnownFileType = sourcecode.swift; path = PagerTabStripBehaviour.swift; sourceTree = "<group>"; };
		ABC9EA1F23FE72F700C6C07F /* PagerBarViewCell.swift */ = {isa = PBXFileReference; fileEncoding = 4; lastKnownFileType = sourcecode.swift; path = PagerBarViewCell.swift; sourceTree = "<group>"; };
		ABC9EA2023FE72F700C6C07F /* FXPageControl.h */ = {isa = PBXFileReference; fileEncoding = 4; lastKnownFileType = sourcecode.c.h; path = FXPageControl.h; sourceTree = "<group>"; };
		ABC9EA2123FE72F700C6C07F /* PagerTabStripError.swift */ = {isa = PBXFileReference; fileEncoding = 4; lastKnownFileType = sourcecode.swift; path = PagerTabStripError.swift; sourceTree = "<group>"; };
		ABC9EA2323FE72F700C6C07F /* PagerTabStripViewController.swift */ = {isa = PBXFileReference; fileEncoding = 4; lastKnownFileType = sourcecode.swift; path = PagerTabStripViewController.swift; sourceTree = "<group>"; };
		ABC9EA2523FE72F700C6C07F /* ButtonBarPagerTabStripViewController.swift */ = {isa = PBXFileReference; fileEncoding = 4; lastKnownFileType = sourcecode.swift; path = ButtonBarPagerTabStripViewController.swift; sourceTree = "<group>"; };
/* End PBXFileReference section */

/* Begin PBXFrameworksBuildPhase section */
		AB3FD2FD23FE5CBA00B5B37D /* Frameworks */ = {
			isa = PBXFrameworksBuildPhase;
			buildActionMask = 2147483647;
			files = (
			);
			runOnlyForDeploymentPostprocessing = 0;
		};
		AB3FD30623FE5CBA00B5B37D /* Frameworks */ = {
			isa = PBXFrameworksBuildPhase;
			buildActionMask = 2147483647;
			files = (
				AB3FD30A23FE5CBA00B5B37D /* TabDance.framework in Frameworks */,
			);
			runOnlyForDeploymentPostprocessing = 0;
		};
/* End PBXFrameworksBuildPhase section */

/* Begin PBXGroup section */
		AB3FD2F623FE5CBA00B5B37D = {
			isa = PBXGroup;
			children = (
				ABC9EA1523FE72F700C6C07F /* Sources */,
				AB3FD30223FE5CBA00B5B37D /* TabDance */,
				AB3FD30D23FE5CBA00B5B37D /* TabDanceTests */,
				AB3FD30123FE5CBA00B5B37D /* Products */,
				D152B0CD722EE8C0245F3952 /* Frameworks */,
			);
			sourceTree = "<group>";
		};
		AB3FD30123FE5CBA00B5B37D /* Products */ = {
			isa = PBXGroup;
			children = (
				AB3FD30023FE5CBA00B5B37D /* TabDance.framework */,
				AB3FD30923FE5CBA00B5B37D /* TabDanceTests.xctest */,
			);
			name = Products;
			sourceTree = "<group>";
		};
		AB3FD30223FE5CBA00B5B37D /* TabDance */ = {
			isa = PBXGroup;
			children = (
				AB3FD30323FE5CBA00B5B37D /* TabDance.h */,
				AB3FD30423FE5CBA00B5B37D /* Info.plist */,
			);
			path = TabDance;
			sourceTree = "<group>";
		};
		AB3FD30D23FE5CBA00B5B37D /* TabDanceTests */ = {
			isa = PBXGroup;
			children = (
				AB3FD30E23FE5CBA00B5B37D /* TabDanceTests.swift */,
				AB3FD31023FE5CBA00B5B37D /* Info.plist */,
			);
			path = TabDanceTests;
			sourceTree = "<group>";
		};
		ABC9EA1523FE72F700C6C07F /* Sources */ = {
			isa = PBXGroup;
			children = (
				ABC9EA1623FE72F700C6C07F /* FXPagerControl */,
				ABC9EA1823FE72F700C6C07F /* SwipeDirection.swift */,
				ABC9EA1A23FE72F700C6C07F /* IndicatorInfo.swift */,
				ABC9EA1C23FE72F700C6C07F /* PagerBarView.swift */,
				ABC9EA1E23FE72F700C6C07F /* PagerTabStripBehaviour.swift */,
				ABC9EA1F23FE72F700C6C07F /* PagerBarViewCell.swift */,
				ABC9EA2123FE72F700C6C07F /* PagerTabStripError.swift */,
				ABC9EA2323FE72F700C6C07F /* PagerTabStripViewController.swift */,
				ABC9EA2523FE72F700C6C07F /* ButtonBarPagerTabStripViewController.swift */,
			);
			path = Sources;
			sourceTree = "<group>";
		};
		ABC9EA1623FE72F700C6C07F /* FXPagerControl */ = {
			isa = PBXGroup;
			children = (
				ABC9EA1B23FE72F700C6C07F /* FXPageControl.m */,
				ABC9EA2023FE72F700C6C07F /* FXPageControl.h */,
			);
			path = FXPagerControl;
			sourceTree = "<group>";
		};
		D152B0CD722EE8C0245F3952 /* Frameworks */ = {
			isa = PBXGroup;
			children = (
			);
			name = Frameworks;
			sourceTree = "<group>";
		};
/* End PBXGroup section */

/* Begin PBXHeadersBuildPhase section */
		AB3FD2FB23FE5CBA00B5B37D /* Headers */ = {
			isa = PBXHeadersBuildPhase;
			buildActionMask = 2147483647;
			files = (
				ABC9EA3523FE732100C6C07F /* TabDance.h in Headers */,
				ABC9EA3623FE732400C6C07F /* FXPageControl.h in Headers */,
			);
			runOnlyForDeploymentPostprocessing = 0;
		};
/* End PBXHeadersBuildPhase section */

/* Begin PBXNativeTarget section */
		AB3FD2FF23FE5CBA00B5B37D /* TabDance */ = {
			isa = PBXNativeTarget;
			buildConfigurationList = AB3FD31423FE5CBA00B5B37D /* Build configuration list for PBXNativeTarget "TabDance" */;
			buildPhases = (
				AB3FD2FB23FE5CBA00B5B37D /* Headers */,
				AB3FD2FC23FE5CBA00B5B37D /* Sources */,
				AB3FD2FD23FE5CBA00B5B37D /* Frameworks */,
				AB3FD2FE23FE5CBA00B5B37D /* Resources */,
				AB3FD31A23FE5D5400B5B37D /* Swift Link Check */,
			);
			buildRules = (
			);
			dependencies = (
			);
			name = TabDance;
			packageProductDependencies = (
			);
			productName = TabDance;
			productReference = AB3FD30023FE5CBA00B5B37D /* TabDance.framework */;
			productType = "com.apple.product-type.framework";
		};
		AB3FD30823FE5CBA00B5B37D /* TabDanceTests */ = {
			isa = PBXNativeTarget;
			buildConfigurationList = AB3FD31723FE5CBA00B5B37D /* Build configuration list for PBXNativeTarget "TabDanceTests" */;
			buildPhases = (
				1498D8B9577AED8D38E895A7 /* [CP] Check Pods Manifest.lock */,
				AB3FD30523FE5CBA00B5B37D /* Sources */,
				AB3FD30623FE5CBA00B5B37D /* Frameworks */,
				AB3FD30723FE5CBA00B5B37D /* Resources */,
				7A6140559F338E4E1775C234 /* [CP] Embed Pods Frameworks */,
			);
			buildRules = (
			);
			dependencies = (
				AB3FD30C23FE5CBA00B5B37D /* PBXTargetDependency */,
			);
			name = TabDanceTests;
			productName = TabDanceTests;
			productReference = AB3FD30923FE5CBA00B5B37D /* TabDanceTests.xctest */;
			productType = "com.apple.product-type.bundle.unit-test";
		};
/* End PBXNativeTarget section */

/* Begin PBXProject section */
		AB3FD2F723FE5CBA00B5B37D /* Project object */ = {
			isa = PBXProject;
			attributes = {
				LastSwiftUpdateCheck = 1130;
				LastUpgradeCheck = 1130;
				ORGANIZATIONNAME = "Daniel Kim";
				TargetAttributes = {
					AB3FD2FF23FE5CBA00B5B37D = {
						CreatedOnToolsVersion = 11.3.1;
						LastSwiftMigration = 1130;
					};
					AB3FD30823FE5CBA00B5B37D = {
						CreatedOnToolsVersion = 11.3.1;
					};
				};
			};
			buildConfigurationList = AB3FD2FA23FE5CBA00B5B37D /* Build configuration list for PBXProject "TabDance" */;
			compatibilityVersion = "Xcode 9.3";
			developmentRegion = en;
			hasScannedForEncodings = 0;
			knownRegions = (
				en,
				Base,
			);
			mainGroup = AB3FD2F623FE5CBA00B5B37D;
			packageReferences = (
			);
			productRefGroup = AB3FD30123FE5CBA00B5B37D /* Products */;
			projectDirPath = "";
			projectRoot = "";
			targets = (
				AB3FD2FF23FE5CBA00B5B37D /* TabDance */,
				AB3FD30823FE5CBA00B5B37D /* TabDanceTests */,
			);
		};
/* End PBXProject section */

/* Begin PBXResourcesBuildPhase section */
		AB3FD2FE23FE5CBA00B5B37D /* Resources */ = {
			isa = PBXResourcesBuildPhase;
			buildActionMask = 2147483647;
			files = (
			);
			runOnlyForDeploymentPostprocessing = 0;
		};
		AB3FD30723FE5CBA00B5B37D /* Resources */ = {
			isa = PBXResourcesBuildPhase;
			buildActionMask = 2147483647;
			files = (
			);
			runOnlyForDeploymentPostprocessing = 0;
		};
/* End PBXResourcesBuildPhase section */

/* Begin PBXShellScriptBuildPhase section */
		1498D8B9577AED8D38E895A7 /* [CP] Check Pods Manifest.lock */ = {
			isa = PBXShellScriptBuildPhase;
			buildActionMask = 2147483647;
			files = (
			);
			inputFileListPaths = (
			);
			inputPaths = (
				"${PODS_PODFILE_DIR_PATH}/Podfile.lock",
				"${PODS_ROOT}/Manifest.lock",
			);
			name = "[CP] Check Pods Manifest.lock";
			outputFileListPaths = (
			);
			outputPaths = (
				"$(DERIVED_FILE_DIR)/Pods-TabDance-TabDanceTests-checkManifestLockResult.txt",
			);
			runOnlyForDeploymentPostprocessing = 0;
			shellPath = /bin/sh;
			shellScript = "diff \"${PODS_PODFILE_DIR_PATH}/Podfile.lock\" \"${PODS_ROOT}/Manifest.lock\" > /dev/null\nif [ $? != 0 ] ; then\n    # print error to STDERR\n    echo \"error: The sandbox is not in sync with the Podfile.lock. Run 'pod install' or update your CocoaPods installation.\" >&2\n    exit 1\nfi\n# This output is used by Xcode 'outputs' to avoid re-running this script phase.\necho \"SUCCESS\" > \"${SCRIPT_OUTPUT_FILE_0}\"\n";
			showEnvVarsInLog = 0;
		};
		7A6140559F338E4E1775C234 /* [CP] Embed Pods Frameworks */ = {
			isa = PBXShellScriptBuildPhase;
			buildActionMask = 2147483647;
			files = (
			);
			inputFileListPaths = (
				"${PODS_ROOT}/Target Support Files/Pods-TabDance-TabDanceTests/Pods-TabDance-TabDanceTests-frameworks-${CONFIGURATION}-input-files.xcfilelist",
			);
			name = "[CP] Embed Pods Frameworks";
			outputFileListPaths = (
				"${PODS_ROOT}/Target Support Files/Pods-TabDance-TabDanceTests/Pods-TabDance-TabDanceTests-frameworks-${CONFIGURATION}-output-files.xcfilelist",
			);
			runOnlyForDeploymentPostprocessing = 0;
			shellPath = /bin/sh;
			shellScript = "\"${PODS_ROOT}/Target Support Files/Pods-TabDance-TabDanceTests/Pods-TabDance-TabDanceTests-frameworks.sh\"\n";
			showEnvVarsInLog = 0;
		};
		AB3FD31A23FE5D5400B5B37D /* Swift Link Check */ = {
			isa = PBXShellScriptBuildPhase;
			buildActionMask = 2147483647;
			files = (
			);
			inputFileListPaths = (
			);
			inputPaths = (
			);
			name = "Swift Link Check";
			outputFileListPaths = (
			);
			outputPaths = (
			);
			runOnlyForDeploymentPostprocessing = 0;
			shellPath = /bin/sh;
			shellScript = "#if which swiftlint >/dev/null; then\n#    swiftlint\n#else\n#    echo \"warning: SwiftLint not installed, download from https://github.com/realm/SwiftLint\"\n#fi\n";
		};
/* End PBXShellScriptBuildPhase section */

/* Begin PBXSourcesBuildPhase section */
		AB3FD2FC23FE5CBA00B5B37D /* Sources */ = {
			isa = PBXSourcesBuildPhase;
			buildActionMask = 2147483647;
			files = (
				ABC9EA2B23FE72F700C6C07F /* PagerBarView.swift in Sources */,
				ABC9EA2723FE72F700C6C07F /* SwipeDirection.swift in Sources */,
				ABC9EA3023FE72F700C6C07F /* PagerTabStripError.swift in Sources */,
				ABC9EA2D23FE72F700C6C07F /* PagerTabStripBehaviour.swift in Sources */,
				ABC9EA2A23FE72F700C6C07F /* FXPageControl.m in Sources */,
				ABC9EA2E23FE72F700C6C07F /* PagerBarViewCell.swift in Sources */,
				ABC9EA2923FE72F700C6C07F /* IndicatorInfo.swift in Sources */,
				ABC9EA3223FE72F700C6C07F /* PagerTabStripViewController.swift in Sources */,
				ABC9EA3423FE72F700C6C07F /* ButtonBarPagerTabStripViewController.swift in Sources */,
			);
			runOnlyForDeploymentPostprocessing = 0;
		};
		AB3FD30523FE5CBA00B5B37D /* Sources */ = {
			isa = PBXSourcesBuildPhase;
			buildActionMask = 2147483647;
			files = (
				AB3FD30F23FE5CBA00B5B37D /* TabDanceTests.swift in Sources */,
			);
			runOnlyForDeploymentPostprocessing = 0;
		};
/* End PBXSourcesBuildPhase section */

/* Begin PBXTargetDependency section */
		AB3FD30C23FE5CBA00B5B37D /* PBXTargetDependency */ = {
			isa = PBXTargetDependency;
			target = AB3FD2FF23FE5CBA00B5B37D /* TabDance */;
			targetProxy = AB3FD30B23FE5CBA00B5B37D /* PBXContainerItemProxy */;
		};
/* End PBXTargetDependency section */

/* Begin XCBuildConfiguration section */
		AB3FD31223FE5CBA00B5B37D /* Debug */ = {
			isa = XCBuildConfiguration;
			buildSettings = {
				ALWAYS_SEARCH_USER_PATHS = NO;
				CLANG_ANALYZER_NONNULL = YES;
				CLANG_ANALYZER_NUMBER_OBJECT_CONVERSION = YES_AGGRESSIVE;
				CLANG_CXX_LANGUAGE_STANDARD = "gnu++14";
				CLANG_CXX_LIBRARY = "libc++";
				CLANG_ENABLE_MODULES = YES;
				CLANG_ENABLE_OBJC_ARC = YES;
				CLANG_ENABLE_OBJC_WEAK = YES;
				CLANG_WARN_BLOCK_CAPTURE_AUTORELEASING = YES;
				CLANG_WARN_BOOL_CONVERSION = YES;
				CLANG_WARN_COMMA = YES;
				CLANG_WARN_CONSTANT_CONVERSION = YES;
				CLANG_WARN_DEPRECATED_OBJC_IMPLEMENTATIONS = YES;
				CLANG_WARN_DIRECT_OBJC_ISA_USAGE = YES_ERROR;
				CLANG_WARN_DOCUMENTATION_COMMENTS = YES;
				CLANG_WARN_EMPTY_BODY = YES;
				CLANG_WARN_ENUM_CONVERSION = YES;
				CLANG_WARN_INFINITE_RECURSION = YES;
				CLANG_WARN_INT_CONVERSION = YES;
				CLANG_WARN_NON_LITERAL_NULL_CONVERSION = YES;
				CLANG_WARN_OBJC_IMPLICIT_RETAIN_SELF = YES;
				CLANG_WARN_OBJC_LITERAL_CONVERSION = YES;
				CLANG_WARN_OBJC_ROOT_CLASS = YES_ERROR;
				CLANG_WARN_RANGE_LOOP_ANALYSIS = YES;
				CLANG_WARN_STRICT_PROTOTYPES = YES;
				CLANG_WARN_SUSPICIOUS_MOVE = YES;
				CLANG_WARN_UNGUARDED_AVAILABILITY = YES_AGGRESSIVE;
				CLANG_WARN_UNREACHABLE_CODE = YES;
				CLANG_WARN__DUPLICATE_METHOD_MATCH = YES;
				COPY_PHASE_STRIP = NO;
				CURRENT_PROJECT_VERSION = 1;
				DEBUG_INFORMATION_FORMAT = dwarf;
				ENABLE_STRICT_OBJC_MSGSEND = YES;
				ENABLE_TESTABILITY = YES;
				GCC_C_LANGUAGE_STANDARD = gnu11;
				GCC_DYNAMIC_NO_PIC = NO;
				GCC_NO_COMMON_BLOCKS = YES;
				GCC_OPTIMIZATION_LEVEL = 0;
				GCC_PREPROCESSOR_DEFINITIONS = (
					"DEBUG=1",
					"$(inherited)",
				);
				GCC_WARN_64_TO_32_BIT_CONVERSION = YES;
				GCC_WARN_ABOUT_RETURN_TYPE = YES_ERROR;
				GCC_WARN_UNDECLARED_SELECTOR = YES;
				GCC_WARN_UNINITIALIZED_AUTOS = YES_AGGRESSIVE;
				GCC_WARN_UNUSED_FUNCTION = YES;
				GCC_WARN_UNUSED_VARIABLE = YES;
				IPHONEOS_DEPLOYMENT_TARGET = 13.2;
				MTL_ENABLE_DEBUG_INFO = INCLUDE_SOURCE;
				MTL_FAST_MATH = YES;
				ONLY_ACTIVE_ARCH = YES;
				SDKROOT = iphoneos;
				SWIFT_ACTIVE_COMPILATION_CONDITIONS = DEBUG;
				SWIFT_OPTIMIZATION_LEVEL = "-Onone";
				VERSIONING_SYSTEM = "apple-generic";
				VERSION_INFO_PREFIX = "";
			};
			name = Debug;
		};
		AB3FD31323FE5CBA00B5B37D /* Release */ = {
			isa = XCBuildConfiguration;
			buildSettings = {
				ALWAYS_SEARCH_USER_PATHS = NO;
				CLANG_ANALYZER_NONNULL = YES;
				CLANG_ANALYZER_NUMBER_OBJECT_CONVERSION = YES_AGGRESSIVE;
				CLANG_CXX_LANGUAGE_STANDARD = "gnu++14";
				CLANG_CXX_LIBRARY = "libc++";
				CLANG_ENABLE_MODULES = YES;
				CLANG_ENABLE_OBJC_ARC = YES;
				CLANG_ENABLE_OBJC_WEAK = YES;
				CLANG_WARN_BLOCK_CAPTURE_AUTORELEASING = YES;
				CLANG_WARN_BOOL_CONVERSION = YES;
				CLANG_WARN_COMMA = YES;
				CLANG_WARN_CONSTANT_CONVERSION = YES;
				CLANG_WARN_DEPRECATED_OBJC_IMPLEMENTATIONS = YES;
				CLANG_WARN_DIRECT_OBJC_ISA_USAGE = YES_ERROR;
				CLANG_WARN_DOCUMENTATION_COMMENTS = YES;
				CLANG_WARN_EMPTY_BODY = YES;
				CLANG_WARN_ENUM_CONVERSION = YES;
				CLANG_WARN_INFINITE_RECURSION = YES;
				CLANG_WARN_INT_CONVERSION = YES;
				CLANG_WARN_NON_LITERAL_NULL_CONVERSION = YES;
				CLANG_WARN_OBJC_IMPLICIT_RETAIN_SELF = YES;
				CLANG_WARN_OBJC_LITERAL_CONVERSION = YES;
				CLANG_WARN_OBJC_ROOT_CLASS = YES_ERROR;
				CLANG_WARN_RANGE_LOOP_ANALYSIS = YES;
				CLANG_WARN_STRICT_PROTOTYPES = YES;
				CLANG_WARN_SUSPICIOUS_MOVE = YES;
				CLANG_WARN_UNGUARDED_AVAILABILITY = YES_AGGRESSIVE;
				CLANG_WARN_UNREACHABLE_CODE = YES;
				CLANG_WARN__DUPLICATE_METHOD_MATCH = YES;
				COPY_PHASE_STRIP = NO;
				CURRENT_PROJECT_VERSION = 1;
				DEBUG_INFORMATION_FORMAT = "dwarf-with-dsym";
				ENABLE_NS_ASSERTIONS = NO;
				ENABLE_STRICT_OBJC_MSGSEND = YES;
				GCC_C_LANGUAGE_STANDARD = gnu11;
				GCC_NO_COMMON_BLOCKS = YES;
				GCC_WARN_64_TO_32_BIT_CONVERSION = YES;
				GCC_WARN_ABOUT_RETURN_TYPE = YES_ERROR;
				GCC_WARN_UNDECLARED_SELECTOR = YES;
				GCC_WARN_UNINITIALIZED_AUTOS = YES_AGGRESSIVE;
				GCC_WARN_UNUSED_FUNCTION = YES;
				GCC_WARN_UNUSED_VARIABLE = YES;
				IPHONEOS_DEPLOYMENT_TARGET = 13.2;
				MTL_ENABLE_DEBUG_INFO = NO;
				MTL_FAST_MATH = YES;
				SDKROOT = iphoneos;
				SWIFT_COMPILATION_MODE = wholemodule;
				SWIFT_OPTIMIZATION_LEVEL = "-O";
				VALIDATE_PRODUCT = YES;
				VERSIONING_SYSTEM = "apple-generic";
				VERSION_INFO_PREFIX = "";
			};
			name = Release;
		};
		AB3FD31523FE5CBA00B5B37D /* Debug */ = {
			isa = XCBuildConfiguration;
			buildSettings = {
				CLANG_ENABLE_MODULES = YES;
				CODE_SIGN_STYLE = Automatic;
				DEFINES_MODULE = YES;
				DEVELOPMENT_TEAM = BDR4FLH765;
				DYLIB_COMPATIBILITY_VERSION = 1;
				DYLIB_CURRENT_VERSION = 1;
				DYLIB_INSTALL_NAME_BASE = "@rpath";
				INFOPLIST_FILE = TabDance/Info.plist;
				INSTALL_PATH = "$(LOCAL_LIBRARY_DIR)/Frameworks";
				LD_RUNPATH_SEARCH_PATHS = (
					"$(inherited)",
					"@executable_path/Frameworks",
					"@loader_path/Frameworks",
				);
				OTHER_SWIFT_FLAGS = "-Xfrontend -debug-time-function-bodies -Xfrontend -warn-long-expression-type-checking=200 -Xfrontend -warn-long-function-bodies=200";
				PRODUCT_BUNDLE_IDENTIFIER = com.kakao.tabdance.TabDance;
				PRODUCT_NAME = "$(TARGET_NAME:c99extidentifier)";
				SKIP_INSTALL = YES;
				SWIFT_OPTIMIZATION_LEVEL = "-Onone";
				SWIFT_VERSION = 5.0;
				TARGETED_DEVICE_FAMILY = "1,2";
			};
			name = Debug;
		};
		AB3FD31623FE5CBA00B5B37D /* Release */ = {
			isa = XCBuildConfiguration;
			buildSettings = {
				CLANG_ENABLE_MODULES = YES;
				CODE_SIGN_STYLE = Automatic;
				DEFINES_MODULE = YES;
				DEVELOPMENT_TEAM = BDR4FLH765;
				DYLIB_COMPATIBILITY_VERSION = 1;
				DYLIB_CURRENT_VERSION = 1;
				DYLIB_INSTALL_NAME_BASE = "@rpath";
				INFOPLIST_FILE = TabDance/Info.plist;
				INSTALL_PATH = "$(LOCAL_LIBRARY_DIR)/Frameworks";
				LD_RUNPATH_SEARCH_PATHS = (
					"$(inherited)",
					"@executable_path/Frameworks",
					"@loader_path/Frameworks",
				);
				OTHER_SWIFT_FLAGS = "-Xfrontend -debug-time-function-bodies -Xfrontend -warn-long-expression-type-checking=200 -Xfrontend -warn-long-function-bodies=200";
				PRODUCT_BUNDLE_IDENTIFIER = com.kakao.tabdance.TabDance;
				PRODUCT_NAME = "$(TARGET_NAME:c99extidentifier)";
				SKIP_INSTALL = YES;
				SWIFT_VERSION = 5.0;
				TARGETED_DEVICE_FAMILY = "1,2";
			};
			name = Release;
		};
		AB3FD31823FE5CBA00B5B37D /* Debug */ = {
			isa = XCBuildConfiguration;
			buildSettings = {
				ALWAYS_EMBED_SWIFT_STANDARD_LIBRARIES = YES;
				CODE_SIGN_STYLE = Automatic;
				DEVELOPMENT_TEAM = BDR4FLH765;
				INFOPLIST_FILE = TabDanceTests/Info.plist;
				LD_RUNPATH_SEARCH_PATHS = (
					"$(inherited)",
					"@executable_path/Frameworks",
					"@loader_path/Frameworks",
				);
				PRODUCT_BUNDLE_IDENTIFIER = com.kakao.tabdance.TabDanceTests;
				PRODUCT_NAME = "$(TARGET_NAME)";
				SWIFT_VERSION = 5.0;
				TARGETED_DEVICE_FAMILY = "1,2";
			};
			name = Debug;
		};
		AB3FD31923FE5CBA00B5B37D /* Release */ = {
			isa = XCBuildConfiguration;
			buildSettings = {
				ALWAYS_EMBED_SWIFT_STANDARD_LIBRARIES = YES;
				CODE_SIGN_STYLE = Automatic;
				DEVELOPMENT_TEAM = BDR4FLH765;
				INFOPLIST_FILE = TabDanceTests/Info.plist;
				LD_RUNPATH_SEARCH_PATHS = (
					"$(inherited)",
					"@executable_path/Frameworks",
					"@loader_path/Frameworks",
				);
				PRODUCT_BUNDLE_IDENTIFIER = com.kakao.tabdance.TabDanceTests;
				PRODUCT_NAME = "$(TARGET_NAME)";
				SWIFT_VERSION = 5.0;
				TARGETED_DEVICE_FAMILY = "1,2";
			};
			name = Release;
		};
/* End XCBuildConfiguration section */

/* Begin XCConfigurationList section */
		AB3FD2FA23FE5CBA00B5B37D /* Build configuration list for PBXProject "TabDance" */ = {
			isa = XCConfigurationList;
			buildConfigurations = (
				AB3FD31223FE5CBA00B5B37D /* Debug */,
				AB3FD31323FE5CBA00B5B37D /* Release */,
			);
			defaultConfigurationIsVisible = 0;
			defaultConfigurationName = Release;
		};
		AB3FD31423FE5CBA00B5B37D /* Build configuration list for PBXNativeTarget "TabDance" */ = {
			isa = XCConfigurationList;
			buildConfigurations = (
				AB3FD31523FE5CBA00B5B37D /* Debug */,
				AB3FD31623FE5CBA00B5B37D /* Release */,
			);
			defaultConfigurationIsVisible = 0;
			defaultConfigurationName = Release;
		};
		AB3FD31723FE5CBA00B5B37D /* Build configuration list for PBXNativeTarget "TabDanceTests" */ = {
			isa = XCConfigurationList;
			buildConfigurations = (
				AB3FD31823FE5CBA00B5B37D /* Debug */,
				AB3FD31923FE5CBA00B5B37D /* Release */,
			);
			defaultConfigurationIsVisible = 0;
			defaultConfigurationName = Release;
		};
/* End XCConfigurationList section */
	};
	rootObject = AB3FD2F723FE5CBA00B5B37D /* Project object */;
}
